
Microsoft Visual Studio Solution File, Format Version 11.00
# Visual Studio 2010
Project("{F184B08F-C81C-45F6-A57F-5ABD9991F28F}") = "Game", "Game\Game.vbproj", "{A31A8145-55CC-4061-B835-8628ACC0FE6F}"
EndProject
Global
	GlobalSection(SolutionConfigurationPlatforms) = preSolution
		Debug|x86 = Debug|x86
		Release|x86 = Release|x86
	EndGlobalSection
	GlobalSection(ProjectConfigurationPlatforms) = postSolution
		{A31A8145-55CC-4061-B835-8628ACC0FE6F}.Debug|x86.ActiveCfg = Debug|x86
		{A31A8145-55CC-4061-B835-8628ACC0FE6F}.Debug|x86.Build.0 = Debug|x86
		{A31A8145-55CC-4061-B835-8628ACC0FE6F}.Release|x86.ActiveCfg = Release|x86
		{A31A8145-55CC-4061-B835-8628ACC0FE6F}.Release|x86.Build.0 = Release|x86
	EndGlobalSection
	GlobalSection(SolutionProperties) = preSolution
		HideSolutionNode = FALSE
	EndGlobalSection
EndGlobal
